# This file is automatically @generated by Cargo.
# It is not intended for manual editing.
version = 3

[[package]]
name = "libvmaf-rs"
version = "0.1.0"
dependencies = [
 "meson",
]

[[package]]
name = "meson"
version = "1.0.0"
source = "registry+https://github.com/rust-lang/crates.io-index"
checksum = "de6e688268407ad0a7c589bf2d7313db6c2079dae5c96df0f2d5903bc6343a91"
